Microsoft Visual Studio Solution File, Format Version 12.00
# Visual Studio Version 17
VisualStudioVersion = 17.5.2.0
MinimumVisualStudioVersion = 10.0.40219.1
Project("{FAE04EC0-301F-11D3-BF4B-00C04F79EFBC}") = "GoFile-DL", "GoFile-DL.csproj", "{20855071-71EC-2E55-5450-1DE030AACF2C}"
EndProject
Global
	GlobalSection(SolutionConfigurationPlatforms) = preSolution
		Debug|Any CPU = Debug|Any CPU
		Release|Any CPU = Release|Any CPU
	EndGlobalSection
	GlobalSection(ProjectConfigurationPlatforms) = postSolution
		{20855071-71EC-2E55-5450-1DE030AACF2C}.Debug|Any CPU.ActiveCfg = Debug|Any CPU
		{20855071-71EC-2E55-5450-1DE030AACF2C}.Debug|Any CPU.Build.0 = Debug|Any CPU
		{20855071-71EC-2E55-5450-1DE030AACF2C}.Release|Any CPU.ActiveCfg = Release|Any CPU
		{20855071-71EC-2E55-5450-1DE030AACF2C}.Release|Any CPU.Build.0 = Release|Any CPU
	EndGlobalSection
	GlobalSection(SolutionProperties) = preSolution
		HideSolutionNode = FALSE
	EndGlobalSection
	GlobalSection(ExtensibilityGlobals) = postSolution
		SolutionGuid = {CECA462D-A15C-4895-B4DD-59AF91A16808}
	EndGlobalSection
EndGlobal
